// !$*UTF8*$!
{
	archiveVersion = 1;
	classes = {
	};
	objectVersion = 50;
	objects = {

/* Begin PBXBuildFile section */
		4B3B18E721F085DA00CE8D07 /* AppDelegate.swift in Sources */ = {isa = PBXBuildFile; fileRef = 4B3B18E621F085DA00CE8D07 /* AppDelegate.swift */; };
		4B3B18EC21F085DA00CE8D07 /* Main.storyboard in Resources */ = {isa = PBXBuildFile; fileRef = 4B3B18EA21F085DA00CE8D07 /* Main.storyboard */; };
		4B3B18EE21F085DE00CE8D07 /* Assets.xcassets in Resources */ = {isa = PBXBuildFile; fileRef = 4B3B18ED21F085DE00CE8D07 /* Assets.xcassets */; };
		4B3B18F121F085DE00CE8D07 /* LaunchScreen.storyboard in Resources */ = {isa = PBXBuildFile; fileRef = 4B3B18EF21F085DE00CE8D07 /* LaunchScreen.storyboard */; };
		4B3B18FB21F08C9100CE8D07 /* ViewController.swift in Sources */ = {isa = PBXBuildFile; fileRef = 4B3B18FA21F08C9100CE8D07 /* ViewController.swift */; };
		4B3B190021F0A37A00CE8D07 /* Concentration.swift in Sources */ = {isa = PBXBuildFile; fileRef = 4B3B18FE21F0A37A00CE8D07 /* Concentration.swift */; };
		4B3B190121F0A37A00CE8D07 /* Card.swift in Sources */ = {isa = PBXBuildFile; fileRef = 4B3B18FF21F0A37A00CE8D07 /* Card.swift */; };
		4B3B190321F0A39100CE8D07 /* ConcentrationViewController.swift in Sources */ = {isa = PBXBuildFile; fileRef = 4B3B190221F0A39100CE8D07 /* ConcentrationViewController.swift */; };
		4B3B190921F0A3E500CE8D07 /* SetCard.swift in Sources */ = {isa = PBXBuildFile; fileRef = 4B3B190421F0A3E500CE8D07 /* SetCard.swift */; };
		4B3B190A21F0A3E500CE8D07 /* CardView.swift in Sources */ = {isa = PBXBuildFile; fileRef = 4B3B190521F0A3E500CE8D07 /* CardView.swift */; };
		4B3B190B21F0A3E500CE8D07 /* CardContainerView.swift in Sources */ = {isa = PBXBuildFile; fileRef = 4B3B190621F0A3E500CE8D07 /* CardContainerView.swift */; };
		4B3B190C21F0A3E500CE8D07 /* Set.swift in Sources */ = {isa = PBXBuildFile; fileRef = 4B3B190721F0A3E500CE8D07 /* Set.swift */; };
		4B3B190D21F0A3E500CE8D07 /* SetViewController.swift in Sources */ = {isa = PBXBuildFile; fileRef = 4B3B190821F0A3E500CE8D07 /* SetViewController.swift */; };
		4B66668321F719B80023AF29 /* MyAnimator.swift in Sources */ = {isa = PBXBuildFile; fileRef = 4B66668221F719B80023AF29 /* MyAnimator.swift */; };
		4BF8E73F21F0F74B0026BFF1 /* ThemeChooserViewController.swift in Sources */ = {isa = PBXBuildFile; fileRef = 4BF8E73E21F0F74B0026BFF1 /* ThemeChooserViewController.swift */; };
/* End PBXBuildFile section */

/* Begin PBXFileReference section */
		4B3B18E321F085DA00CE8D07 /* Animated-Set-Concentration.app */ = {isa = PBXFileReference; explicitFileType = wrapper.application; includeInIndex = 0; path = "Animated-Set-Concentration.app"; sourceTree = BUILT_PRODUCTS_DIR; };
		4B3B18E621F085DA00CE8D07 /* AppDelegate.swift */ = {isa = PBXFileReference; lastKnownFileType = sourcecode.swift; path = AppDelegate.swift; sourceTree = "<group>"; };
		4B3B18EB21F085DA00CE8D07 /* Base */ = {isa = PBXFileReference; lastKnownFileType = file.storyboard; name = Base; path = Base.lproj/Main.storyboard; sourceTree = "<group>"; };
		4B3B18ED21F085DE00CE8D07 /* Assets.xcassets */ = {isa = PBXFileReference; lastKnownFileType = folder.assetcatalog; path = Assets.xcassets; sourceTree = "<group>"; };
		4B3B18F021F085DE00CE8D07 /* Base */ = {isa = PBXFileReference; lastKnownFileType = file.storyboard; name = Base; path = Base.lproj/LaunchScreen.storyboard; sourceTree = "<group>"; };
		4B3B18F221F085DE00CE8D07 /* Info.plist */ = {isa = PBXFileReference; lastKnownFileType = text.plist.xml; path = Info.plist; sourceTree = "<group>"; };
		4B3B18FA21F08C9100CE8D07 /* ViewController.swift */ = {isa = PBXFileReference; lastKnownFileType = sourcecode.swift; path = ViewController.swift; sourceTree = "<group>"; };
		4B3B18FE21F0A37A00CE8D07 /* Concentration.swift */ = {isa = PBXFileReference; fileEncoding = 4; lastKnownFileType = sourcecode.swift; path = Concentration.swift; sourceTree = "<group>"; };
		4B3B18FF21F0A37A00CE8D07 /* Card.swift */ = {isa = PBXFileReference; fileEncoding = 4; lastKnownFileType = sourcecode.swift; path = Card.swift; sourceTree = "<group>"; };
		4B3B190221F0A39100CE8D07 /* ConcentrationViewController.swift */ = {isa = PBXFileReference; fileEncoding = 4; lastKnownFileType = sourcecode.swift; path = ConcentrationViewController.swift; sourceTree = "<group>"; };
		4B3B190421F0A3E500CE8D07 /* SetCard.swift */ = {isa = PBXFileReference; fileEncoding = 4; lastKnownFileType = sourcecode.swift; path = SetCard.swift; sourceTree = "<group>"; };
		4B3B190521F0A3E500CE8D07 /* CardView.swift */ = {isa = PBXFileReference; fileEncoding = 4; lastKnownFileType = sourcecode.swift; path = CardView.swift; sourceTree = "<group>"; };
		4B3B190621F0A3E500CE8D07 /* CardContainerView.swift */ = {isa = PBXFileReference; fileEncoding = 4; lastKnownFileType = sourcecode.swift; path = CardContainerView.swift; sourceTree = "<group>"; };
		4B3B190721F0A3E500CE8D07 /* Set.swift */ = {isa = PBXFileReference; fileEncoding = 4; lastKnownFileType = sourcecode.swift; path = Set.swift; sourceTree = "<group>"; };
		4B3B190821F0A3E500CE8D07 /* SetViewController.swift */ = {isa = PBXFileReference; fileEncoding = 4; lastKnownFileType = sourcecode.swift; path = SetViewController.swift; sourceTree = "<group>"; };
		4B66668221F719B80023AF29 /* MyAnimator.swift */ = {isa = PBXFileReference; lastKnownFileType = sourcecode.swift; path = MyAnimator.swift; sourceTree = "<group>"; };
		4BF8E73E21F0F74B0026BFF1 /* ThemeChooserViewController.swift */ = {isa = PBXFileReference; lastKnownFileType = sourcecode.swift; path = ThemeChooserViewController.swift; sourceTree = "<group>"; };
/* End PBXFileReference section */

/* Begin PBXFrameworksBuildPhase section */
		4B3B18E021F085DA00CE8D07 /* Frameworks */ = {
			isa = PBXFrameworksBuildPhase;
			buildActionMask = 2147483647;
			files = (
			);
			runOnlyForDeploymentPostprocessing = 0;
		};
/* End PBXFrameworksBuildPhase section */

/* Begin PBXGroup section */
		4B3B18DA21F085D900CE8D07 = {
			isa = PBXGroup;
			children = (
				4B3B18E521F085DA00CE8D07 /* Animated-Set-Concentration */,
				4B3B18E421F085DA00CE8D07 /* Products */,
			);
			sourceTree = "<group>";
		};
		4B3B18E421F085DA00CE8D07 /* Products */ = {
			isa = PBXGroup;
			children = (
				4B3B18E321F085DA00CE8D07 /* Animated-Set-Concentration.app */,
			);
			name = Products;
			sourceTree = "<group>";
		};
		4B3B18E521F085DA00CE8D07 /* Animated-Set-Concentration */ = {
			isa = PBXGroup;
			children = (
				4B3B18FD21F0A34B00CE8D07 /* Concentration */,
				4B3B18FC21F0A33900CE8D07 /* Animated Set */,
				4B3B18E621F085DA00CE8D07 /* AppDelegate.swift */,
				4B3B18FA21F08C9100CE8D07 /* ViewController.swift */,
				4B3B18EA21F085DA00CE8D07 /* Main.storyboard */,
				4B3B18ED21F085DE00CE8D07 /* Assets.xcassets */,
				4B3B18EF21F085DE00CE8D07 /* LaunchScreen.storyboard */,
				4B3B18F221F085DE00CE8D07 /* Info.plist */,
			);
			path = "Animated-Set-Concentration";
			sourceTree = "<group>";
		};
		4B3B18FC21F0A33900CE8D07 /* Animated Set */ = {
			isa = PBXGroup;
			children = (
				4B3B190421F0A3E500CE8D07 /* SetCard.swift */,
				4B3B190621F0A3E500CE8D07 /* CardContainerView.swift */,
				4B66668221F719B80023AF29 /* MyAnimator.swift */,
				4B3B190521F0A3E500CE8D07 /* CardView.swift */,
				4B3B190721F0A3E500CE8D07 /* Set.swift */,
				4B3B190821F0A3E500CE8D07 /* SetViewController.swift */,
			);
			path = "Animated Set";
			sourceTree = "<group>";
		};
		4B3B18FD21F0A34B00CE8D07 /* Concentration */ = {
			isa = PBXGroup;
			children = (
				4B3B190221F0A39100CE8D07 /* ConcentrationViewController.swift */,
				4B3B18FF21F0A37A00CE8D07 /* Card.swift */,
				4B3B18FE21F0A37A00CE8D07 /* Concentration.swift */,
				4BF8E73E21F0F74B0026BFF1 /* ThemeChooserViewController.swift */,
			);
			path = Concentration;
			sourceTree = "<group>";
		};
/* End PBXGroup section */

/* Begin PBXNativeTarget section */
		4B3B18E221F085DA00CE8D07 /* Animated-Set-Concentration */ = {
			isa = PBXNativeTarget;
			buildConfigurationList = 4B3B18F521F085DE00CE8D07 /* Build configuration list for PBXNativeTarget "Animated-Set-Concentration" */;
			buildPhases = (
				4B3B18DF21F085DA00CE8D07 /* Sources */,
				4B3B18E021F085DA00CE8D07 /* Frameworks */,
				4B3B18E121F085DA00CE8D07 /* Resources */,
			);
			buildRules = (
			);
			dependencies = (
			);
			name = "Animated-Set-Concentration";
			productName = "Animated-Set-Concentration";
			productReference = 4B3B18E321F085DA00CE8D07 /* Animated-Set-Concentration.app */;
			productType = "com.apple.product-type.application";
		};
/* End PBXNativeTarget section */

/* Begin PBXProject section */
		4B3B18DB21F085D900CE8D07 /* Project object */ = {
			isa = PBXProject;
			attributes = {
				LastSwiftUpdateCheck = 1010;
				LastUpgradeCheck = 1010;
				ORGANIZATIONNAME = "Arnab Sen";
				TargetAttributes = {
					4B3B18E221F085DA00CE8D07 = {
						CreatedOnToolsVersion = 10.1;
						LastSwiftMigration = 1020;
					};
				};
			};
			buildConfigurationList = 4B3B18DE21F085D900CE8D07 /* Build configuration list for PBXProject "Animated-Set-Concentration" */;
			compatibilityVersion = "Xcode 9.3";
			developmentRegion = en;
			hasScannedForEncodings = 0;
			knownRegions = (
				en,
				Base,
			);
			mainGroup = 4B3B18DA21F085D900CE8D07;
			productRefGroup = 4B3B18E421F085DA00CE8D07 /* Products */;
			projectDirPath = "";
			projectRoot = "";
			targets = (
				4B3B18E221F085DA00CE8D07 /* Animated-Set-Concentration */,
			);
		};
/* End PBXProject section */

/* Begin PBXResourcesBuildPhase section */
		4B3B18E121F085DA00CE8D07 /* Resources */ = {
			isa = PBXResourcesBuildPhase;
			buildActionMask = 2147483647;
			files = (
				4B3B18F121F085DE00CE8D07 /* LaunchScreen.storyboard in Resources */,
				4B3B18EE21F085DE00CE8D07 /* Assets.xcassets in Resources */,
				4B3B18EC21F085DA00CE8D07 /* Main.storyboard in Resources */,
			);
			runOnlyForDeploymentPostprocessing = 0;
		};
/* End PBXResourcesBuildPhase section */

/* Begin PBXSourcesBuildPhase section */
		4B3B18DF21F085DA00CE8D07 /* Sources */ = {
			isa = PBXSourcesBuildPhase;
			buildActionMask = 2147483647;
			files = (
				4B66668321F719B80023AF29 /* MyAnimator.swift in Sources */,
				4B3B190C21F0A3E500CE8D07 /* Set.swift in Sources */,
				4B3B190121F0A37A00CE8D07 /* Card.swift in Sources */,
				4B3B190021F0A37A00CE8D07 /* Concentration.swift in Sources */,
				4B3B190921F0A3E500CE8D07 /* SetCard.swift in Sources */,
				4B3B190D21F0A3E500CE8D07 /* SetViewController.swift in Sources */,
				4B3B190B21F0A3E500CE8D07 /* CardContainerView.swift in Sources */,
				4BF8E73F21F0F74B0026BFF1 /* ThemeChooserViewController.swift in Sources */,
				4B3B190321F0A39100CE8D07 /* ConcentrationViewController.swift in Sources */,
				4B3B18FB21F08C9100CE8D07 /* ViewController.swift in Sources */,
				4B3B190A21F0A3E500CE8D07 /* CardView.swift in Sources */,
				4B3B18E721F085DA00CE8D07 /* AppDelegate.swift in Sources */,
			);
			runOnlyForDeploymentPostprocessing = 0;
		};
/* End PBXSourcesBuildPhase section */

/* Begin PBXVariantGroup section */
		4B3B18EA21F085DA00CE8D07 /* Main.storyboard */ = {
			isa = PBXVariantGroup;
			children = (
				4B3B18EB21F085DA00CE8D07 /* Base */,
			);
			name = Main.storyboard;
			sourceTree = "<group>";
		};
		4B3B18EF21F085DE00CE8D07 /* LaunchScreen.storyboard */ = {
			isa = PBXVariantGroup;
			children = (
				4B3B18F021F085DE00CE8D07 /* Base */,
			);
			name = LaunchScreen.storyboard;
			sourceTree = "<group>";
		};
/* End PBXVariantGroup section */

/* Begin XCBuildConfiguration section */
		4B3B18F321F085DE00CE8D07 /* Debug */ = {
			isa = XCBuildConfiguration;
			buildSettings = {
				ALWAYS_SEARCH_USER_PATHS = NO;
				CLANG_ANALYZER_NONNULL = YES;
				CLANG_ANALYZER_NUMBER_OBJECT_CONVERSION = YES_AGGRESSIVE;
				CLANG_CXX_LANGUAGE_STANDARD = "gnu++14";
				CLANG_CXX_LIBRARY = "libc++";
				CLANG_ENABLE_MODULES = YES;
				CLANG_ENABLE_OBJC_ARC = YES;
				CLANG_ENABLE_OBJC_WEAK = YES;
				CLANG_WARN_BLOCK_CAPTURE_AUTORELEASING = YES;
				CLANG_WARN_BOOL_CONVERSION = YES;
				CLANG_WARN_COMMA = YES;
				CLANG_WARN_CONSTANT_CONVERSION = YES;
				CLANG_WARN_DEPRECATED_OBJC_IMPLEMENTATIONS = YES;
				CLANG_WARN_DIRECT_OBJC_ISA_USAGE = YES_ERROR;
				CLANG_WARN_DOCUMENTATION_COMMENTS = YES;
				CLANG_WARN_EMPTY_BODY = YES;
				CLANG_WARN_ENUM_CONVERSION = YES;
				CLANG_WARN_INFINITE_RECURSION = YES;
				CLANG_WARN_INT_CONVERSION = YES;
				CLANG_WARN_NON_LITERAL_NULL_CONVERSION = YES;
				CLANG_WARN_OBJC_IMPLICIT_RETAIN_SELF = YES;
				CLANG_WARN_OBJC_LITERAL_CONVERSION = YES;
				CLANG_WARN_OBJC_ROOT_CLASS = YES_ERROR;
				CLANG_WARN_RANGE_LOOP_ANALYSIS = YES;
				CLANG_WARN_STRICT_PROTOTYPES = YES;
				CLANG_WARN_SUSPICIOUS_MOVE = YES;
				CLANG_WARN_UNGUARDED_AVAILABILITY = YES_AGGRESSIVE;
				CLANG_WARN_UNREACHABLE_CODE = YES;
				CLANG_WARN__DUPLICATE_METHOD_MATCH = YES;
				CODE_SIGN_IDENTITY = "iPhone Developer";
				COPY_PHASE_STRIP = NO;
				DEBUG_INFORMATION_FORMAT = dwarf;
				ENABLE_STRICT_OBJC_MSGSEND = YES;
				ENABLE_TESTABILITY = YES;
				GCC_C_LANGUAGE_STANDARD = gnu11;
				GCC_DYNAMIC_NO_PIC = NO;
				GCC_NO_COMMON_BLOCKS = YES;
				GCC_OPTIMIZATION_LEVEL = 0;
				GCC_PREPROCESSOR_DEFINITIONS = (
					"DEBUG=1",
					"$(inherited)",
				);
				GCC_WARN_64_TO_32_BIT_CONVERSION = YES;
				GCC_WARN_ABOUT_RETURN_TYPE = YES_ERROR;
				GCC_WARN_UNDECLARED_SELECTOR = YES;
				GCC_WARN_UNINITIALIZED_AUTOS = YES_AGGRESSIVE;
				GCC_WARN_UNUSED_FUNCTION = YES;
				GCC_WARN_UNUSED_VARIABLE = YES;
				IPHONEOS_DEPLOYMENT_TARGET = 12.1;
				MTL_ENABLE_DEBUG_INFO = INCLUDE_SOURCE;
				MTL_FAST_MATH = YES;
				ONLY_ACTIVE_ARCH = YES;
				SDKROOT = iphoneos;
				SWIFT_ACTIVE_COMPILATION_CONDITIONS = DEBUG;
				SWIFT_OPTIMIZATION_LEVEL = "-Onone";
			};
			name = Debug;
		};
		4B3B18F421F085DE00CE8D07 /* Release */ = {
			isa = XCBuildConfiguration;
			buildSettings = {
				ALWAYS_SEARCH_USER_PATHS = NO;
				CLANG_ANALYZER_NONNULL = YES;
				CLANG_ANALYZER_NUMBER_OBJECT_CONVERSION = YES_AGGRESSIVE;
				CLANG_CXX_LANGUAGE_STANDARD = "gnu++14";
				CLANG_CXX_LIBRARY = "libc++";
				CLANG_ENABLE_MODULES = YES;
				CLANG_ENABLE_OBJC_ARC = YES;
				CLANG_ENABLE_OBJC_WEAK = YES;
				CLANG_WARN_BLOCK_CAPTURE_AUTORELEASING = YES;
				CLANG_WARN_BOOL_CONVERSION = YES;
				CLANG_WARN_COMMA = YES;
				CLANG_WARN_CONSTANT_CONVERSION = YES;
				CLANG_WARN_DEPRECATED_OBJC_IMPLEMENTATIONS = YES;
				CLANG_WARN_DIRECT_OBJC_ISA_USAGE = YES_ERROR;
				CLANG_WARN_DOCUMENTATION_COMMENTS = YES;
				CLANG_WARN_EMPTY_BODY = YES;
				CLANG_WARN_ENUM_CONVERSION = YES;
				CLANG_WARN_INFINITE_RECURSION = YES;
				CLANG_WARN_INT_CONVERSION = YES;
				CLANG_WARN_NON_LITERAL_NULL_CONVERSION = YES;
				CLANG_WARN_OBJC_IMPLICIT_RETAIN_SELF = YES;
				CLANG_WARN_OBJC_LITERAL_CONVERSION = YES;
				CLANG_WARN_OBJC_ROOT_CLASS = YES_ERROR;
				CLANG_WARN_RANGE_LOOP_ANALYSIS = YES;
				CLANG_WARN_STRICT_PROTOTYPES = YES;
				CLANG_WARN_SUSPICIOUS_MOVE = YES;
				CLANG_WARN_UNGUARDED_AVAILABILITY = YES_AGGRESSIVE;
				CLANG_WARN_UNREACHABLE_CODE = YES;
				CLANG_WARN__DUPLICATE_METHOD_MATCH = YES;
				CODE_SIGN_IDENTITY = "iPhone Developer";
				COPY_PHASE_STRIP = NO;
				DEBUG_INFORMATION_FORMAT = "dwarf-with-dsym";
				ENABLE_NS_ASSERTIONS = NO;
				ENABLE_STRICT_OBJC_MSGSEND = YES;
				GCC_C_LANGUAGE_STANDARD = gnu11;
				GCC_NO_COMMON_BLOCKS = YES;
				GCC_WARN_64_TO_32_BIT_CONVERSION = YES;
				GCC_WARN_ABOUT_RETURN_TYPE = YES_ERROR;
				GCC_WARN_UNDECLARED_SELECTOR = YES;
				GCC_WARN_UNINITIALIZED_AUTOS = YES_AGGRESSIVE;
				GCC_WARN_UNUSED_FUNCTION = YES;
				GCC_WARN_UNUSED_VARIABLE = YES;
				IPHONEOS_DEPLOYMENT_TARGET = 12.1;
				MTL_ENABLE_DEBUG_INFO = NO;
				MTL_FAST_MATH = YES;
				SDKROOT = iphoneos;
				SWIFT_COMPILATION_MODE = wholemodule;
				SWIFT_OPTIMIZATION_LEVEL = "-O";
				VALIDATE_PRODUCT = YES;
			};
			name = Release;
		};
		4B3B18F621F085DE00CE8D07 /* Debug */ = {
			isa = XCBuildConfiguration;
			buildSettings = {
				ASSETCATALOG_COMPILER_APPICON_NAME = AppIcon;
				CODE_SIGN_IDENTITY = "iPhone Developer";
				CODE_SIGN_STYLE = Automatic;
				DEVELOPMENT_TEAM = 3DUBQRY283;
				INFOPLIST_FILE = "Animated-Set-Concentration/Info.plist";
				IPHONEOS_DEPLOYMENT_TARGET = 12.1;
				LD_RUNPATH_SEARCH_PATHS = (
					"$(inherited)",
					"@executable_path/Frameworks",
				);
				PRODUCT_BUNDLE_IDENTIFIER = "com.arnabsen.Animated-Set-Concentration";
				PRODUCT_NAME = "$(TARGET_NAME)";
				PROVISIONING_PROFILE_SPECIFIER = "";
				SWIFT_VERSION = 5.0;
				TARGETED_DEVICE_FAMILY = "1,2";
			};
			name = Debug;
		};
		4B3B18F721F085DE00CE8D07 /* Release */ = {
			isa = XCBuildConfiguration;
			buildSettings = {
				ASSETCATALOG_COMPILER_APPICON_NAME = AppIcon;
				CODE_SIGN_IDENTITY = "iPhone Developer";
				CODE_SIGN_STYLE = Automatic;
				DEVELOPMENT_TEAM = 3DUBQRY283;
				INFOPLIST_FILE = "Animated-Set-Concentration/Info.plist";
				IPHONEOS_DEPLOYMENT_TARGET = 12.1;
				LD_RUNPATH_SEARCH_PATHS = (
					"$(inherited)",
					"@executable_path/Frameworks",
				);
				PRODUCT_BUNDLE_IDENTIFIER = "com.arnabsen.Animated-Set-Concentration";
				PRODUCT_NAME = "$(TARGET_NAME)";
				PROVISIONING_PROFILE_SPECIFIER = "";
				SWIFT_VERSION = 5.0;
				TARGETED_DEVICE_FAMILY = "1,2";
			};
			name = Release;
		};
/* End XCBuildConfiguration section */

/* Begin XCConfigurationList section */
		4B3B18DE21F085D900CE8D07 /* Build configuration list for PBXProject "Animated-Set-Concentration" */ = {
			isa = XCConfigurationList;
			buildConfigurations = (
				4B3B18F321F085DE00CE8D07 /* Debug */,
				4B3B18F421F085DE00CE8D07 /* Release */,
			);
			defaultConfigurationIsVisible = 0;
			defaultConfigurationName = Release;
		};
		4B3B18F521F085DE00CE8D07 /* Build configuration list for PBXNativeTarget "Animated-Set-Concentration" */ = {
			isa = XCConfigurationList;
			buildConfigurations = (
				4B3B18F621F085DE00CE8D07 /* Debug */,
				4B3B18F721F085DE00CE8D07 /* Release */,
			);
			defaultConfigurationIsVisible = 0;
			defaultConfigurationName = Release;
		};
/* End XCConfigurationList section */
	};
	rootObject = 4B3B18DB21F085D900CE8D07 /* Project object */;
}
